
Microsoft Visual Studio Solution File, Format Version 11.00
# Visual Studio 2010
Project("{8BC9CEB8-8B4A-11D0-8D11-00A0C91BC942}") = "linkstack设计与实现", "linkstack设计与实现\linkstack设计与实现.vcxproj", "{11DA133E-2F8D-4220-990E-E60234292DF7}"
EndProject
Global
	GlobalSection(SolutionConfigurationPlatforms) = preSolution
		Debug|Win32 = Debug|Win32
		Release|Win32 = Release|Win32
	EndGlobalSection
	GlobalSection(ProjectConfigurationPlatforms) = postSolution
		{11DA133E-2F8D-4220-990E-E60234292DF7}.Debug|Win32.ActiveCfg = Debug|Win32
		{11DA133E-2F8D-4220-990E-E60234292DF7}.Debug|Win32.Build.0 = Debug|Win32
		{11DA133E-2F8D-4220-990E-E60234292DF7}.Release|Win32.ActiveCfg = Release|Win32
		{11DA133E-2F8D-4220-990E-E60234292DF7}.Release|Win32.Build.0 = Release|Win32
	EndGlobalSection
	GlobalSection(SolutionProperties) = preSolution
		HideSolutionNode = FALSE
	EndGlobalSection
EndGlobal
