
Microsoft Visual Studio Solution File, Format Version 12.00
# Visual Studio 15
VisualStudioVersion = 15.0.28307.489
MinimumVisualStudioVersion = 10.0.40219.1
Project("{8BC9CEB8-8B4A-11D0-8D11-00A0C91BC942}") = "C++_Basic", "C++_Basic\C++_Basic.vcxproj", "{01D78BAB-5292-4132-8B6D-6A6D49C294E2}"
EndProject
Global
	GlobalSection(SolutionConfigurationPlatforms) = preSolution
		Debug|x64 = Debug|x64
		Debug|x86 = Debug|x86
		Release|x64 = Release|x64
		Release|x86 = Release|x86
	EndGlobalSection
	GlobalSection(ProjectConfigurationPlatforms) = postSolution
		{01D78BAB-5292-4132-8B6D-6A6D49C294E2}.Debug|x64.ActiveCfg = Debug|x64
		{01D78BAB-5292-4132-8B6D-6A6D49C294E2}.Debug|x64.Build.0 = Debug|x64
		{01D78BAB-5292-4132-8B6D-6A6D49C294E2}.Debug|x86.ActiveCfg = Debug|Win32
		{01D78BAB-5292-4132-8B6D-6A6D49C294E2}.Debug|x86.Build.0 = Debug|Win32
		{01D78BAB-5292-4132-8B6D-6A6D49C294E2}.Release|x64.ActiveCfg = Release|x64
		{01D78BAB-5292-4132-8B6D-6A6D49C294E2}.Release|x64.Build.0 = Release|x64
		{01D78BAB-5292-4132-8B6D-6A6D49C294E2}.Release|x86.ActiveCfg = Release|Win32
		{01D78BAB-5292-4132-8B6D-6A6D49C294E2}.Release|x86.Build.0 = Release|Win32
	EndGlobalSection
	GlobalSection(SolutionProperties) = preSolution
		HideSolutionNode = FALSE
	EndGlobalSection
	GlobalSection(ExtensibilityGlobals) = postSolution
		SolutionGuid = {0C91B243-FB99-4790-83A2-C33CC3F6B8A7}
	EndGlobalSection
EndGlobal
